packages:
  - name: dbt_utils
    package: dbt-labs/dbt_utils
    version: 1.3.2
  - name: codegen
    package: dbt-labs/codegen
    version: 0.13.1
  - name: audit_helper
    package: dbt-labs/audit_helper
    version: 0.12.1
  - git: https://github.com/andrea-leonel/dbt_exam_practice.git
    name: core_macros
    revision: efdbaab7311502a8f8207dfb788e2b3dabe2d87f
    subdirectory: core_macros
sha1_hash: aebdd02bcc21205c4b2bb19cd4594de95d36a5c7
